{
  "originHash" : "e5a393fe78d4c8831af2faaaf9d1968e5c1cf283c4f61eb3b6ba97aedf78895a",
  "pins" : [
    {
      "identity" : "capacitor-swift-pm",
      "kind" : "remoteSourceControl",
      "location" : "https://github.com/ionic-team/capacitor-swift-pm.git",
      "state" : {
        "revision" : "0b6882e9a3288342aacf36348e5a94e4f1dd7b13",
        "version" : "8.5.2"
      }
    },
    {
      "identity" : "onesignal-xcframework",
      "kind" : "remoteSourceControl",
      "location" : "https://github.com/OneSignal/OneSignal-XCFramework",
      "state" : {
        "revision" : "2d6af6b0139d0eb31422092a866150183befc388",
        "version" : "5.6.1"
      }
    }
  ],
  "version" : 3
}
